
Microsoft Visual Studio Solution File, Format Version 12.00
# Visual Studio Version 17
VisualStudioVersion = 17.2.32519.379
MinimumVisualStudioVersion = 10.0.40219.1
Project("{FAE04EC0-301F-11D3-BF4B-00C04F79EFBC}") = "DXWebApplication1", "DXWebApplication1\DXWebApplication1.csproj", "{D7377540-D951-4276-BF5D-07737DEB5744}"
EndProject
Global
	GlobalSection(SolutionConfigurationPlatforms) = preSolution
		Debug|Any CPU = Debug|Any CPU
		Release|Any CPU = Release|Any CPU
	EndGlobalSection
	GlobalSection(ProjectConfigurationPlatforms) = postSolution
		{D7377540-D951-4276-BF5D-07737DEB5744}.Debug|Any CPU.ActiveCfg = Debug|Any CPU
		{D7377540-D951-4276-BF5D-07737DEB5744}.Debug|Any CPU.Build.0 = Debug|Any CPU
		{D7377540-D951-4276-BF5D-07737DEB5744}.Release|Any CPU.ActiveCfg = Release|Any CPU
		{D7377540-D951-4276-BF5D-07737DEB5744}.Release|Any CPU.Build.0 = Release|Any CPU
	EndGlobalSection
	GlobalSection(SolutionProperties) = preSolution
		HideSolutionNode = FALSE
	EndGlobalSection
	GlobalSection(ExtensibilityGlobals) = postSolution
		SolutionGuid = {5F1B3873-CB72-42E0-8A78-C0EF51BD6B3C}
	EndGlobalSection
EndGlobal
